
Microsoft Visual Studio Solution File, Format Version 12.00
# Visual Studio Version 16
VisualStudioVersion = 16.0.31729.503
MinimumVisualStudioVersion = 10.0.40219.1
Project("{FAE04EC0-301F-11D3-BF4B-00C04F79EFBC}") = "T3H_Cap05", "T3H_Cap05\T3H_Cap05.csproj", "{058F1FC3-AFA7-410D-BA2A-547197EC9E56}"
EndProject
Global
	GlobalSection(SolutionConfigurationPlatforms) = preSolution
		Debug|Any CPU = Debug|Any CPU
		Release|Any CPU = Release|Any CPU
	EndGlobalSection
	GlobalSection(ProjectConfigurationPlatforms) = postSolution
		{058F1FC3-AFA7-410D-BA2A-547197EC9E56}.Debug|Any CPU.ActiveCfg = Debug|Any CPU
		{058F1FC3-AFA7-410D-BA2A-547197EC9E56}.Debug|Any CPU.Build.0 = Debug|Any CPU
		{058F1FC3-AFA7-410D-BA2A-547197EC9E56}.Release|Any CPU.ActiveCfg = Release|Any CPU
		{058F1FC3-AFA7-410D-BA2A-547197EC9E56}.Release|Any CPU.Build.0 = Release|Any CPU
	EndGlobalSection
	GlobalSection(SolutionProperties) = preSolution
		HideSolutionNode = FALSE
	EndGlobalSection
	GlobalSection(ExtensibilityGlobals) = postSolution
		SolutionGuid = {1B609C3C-3778-4CEB-991F-9A8C53B4D300}
	EndGlobalSection
EndGlobal
